// !$*UTF8*$!
{
	archiveVersion = 1;
	classes = {
	};
	objectVersion = 50;
	objects = {

/* Begin PBXBuildFile section */
		18A47BBF22AF0E3F0045B3C8 /* AppDelegate.swift in Sources */ = {isa = PBXBuildFile; fileRef = 18A47BBE22AF0E3F0045B3C8 /* AppDelegate.swift */; };
		18A47BC122AF0E3F0045B3C8 /* ViewController.swift in Sources */ = {isa = PBXBuildFile; fileRef = 18A47BC022AF0E3F0045B3C8 /* ViewController.swift */; };
		18A47BC422AF0E3F0045B3C8 /* Main.storyboard in Resources */ = {isa = PBXBuildFile; fileRef = 18A47BC222AF0E3F0045B3C8 /* Main.storyboard */; };
		18A47BC622AF0E400045B3C8 /* Assets.xcassets in Resources */ = {isa = PBXBuildFile; fileRef = 18A47BC522AF0E400045B3C8 /* Assets.xcassets */; };
		18A47BC922AF0E400045B3C8 /* LaunchScreen.storyboard in Resources */ = {isa = PBXBuildFile; fileRef = 18A47BC722AF0E400045B3C8 /* LaunchScreen.storyboard */; };
		18A47BD122AF161B0045B3C8 /* Kiran.swift in Sources */ = {isa = PBXBuildFile; fileRef = 18A47BD022AF161B0045B3C8 /* Kiran.swift */; };
		9EAC5E36737522E1E6E2E5F1 /* Pods_Avinash.framework in Frameworks */ = {isa = PBXBuildFile; fileRef = E06EACD31ABC2171D053167B /* Pods_Avinash.framework */; };
/* End PBXBuildFile section */

/* Begin PBXFileReference section */
		18A47BBB22AF0E3F0045B3C8 /* Avinash.app */ = {isa = PBXFileReference; explicitFileType = wrapper.application; includeInIndex = 0; path = Avinash.app; sourceTree = BUILT_PRODUCTS_DIR; };
		18A47BBE22AF0E3F0045B3C8 /* AppDelegate.swift */ = {isa = PBXFileReference; lastKnownFileType = sourcecode.swift; path = AppDelegate.swift; sourceTree = "<group>"; };
		18A47BC022AF0E3F0045B3C8 /* ViewController.swift */ = {isa = PBXFileReference; lastKnownFileType = sourcecode.swift; path = ViewController.swift; sourceTree = "<group>"; };
		18A47BC322AF0E3F0045B3C8 /* Base */ = {isa = PBXFileReference; lastKnownFileType = file.storyboard; name = Base; path = Base.lproj/Main.storyboard; sourceTree = "<group>"; };
		18A47BC522AF0E400045B3C8 /* Assets.xcassets */ = {isa = PBXFileReference; lastKnownFileType = folder.assetcatalog; path = Assets.xcassets; sourceTree = "<group>"; };
		18A47BC822AF0E400045B3C8 /* Base */ = {isa = PBXFileReference; lastKnownFileType = file.storyboard; name = Base; path = Base.lproj/LaunchScreen.storyboard; sourceTree = "<group>"; };
		18A47BCA22AF0E400045B3C8 /* Info.plist */ = {isa = PBXFileReference; lastKnownFileType = text.plist.xml; path = Info.plist; sourceTree = "<group>"; };
		18A47BD022AF161B0045B3C8 /* Kiran.swift */ = {isa = PBXFileReference; lastKnownFileType = sourcecode.swift; path = Kiran.swift; sourceTree = "<group>"; };
		5DD898B7226D5ABF39C18C33 /* Pods-Avinash.debug.xcconfig */ = {isa = PBXFileReference; includeInIndex = 1; lastKnownFileType = text.xcconfig; name = "Pods-Avinash.debug.xcconfig"; path = "Target Support Files/Pods-Avinash/Pods-Avinash.debug.xcconfig"; sourceTree = "<group>"; };
		96EA2E1CCFD076E50C22EA34 /* Pods-Avinash.release.xcconfig */ = {isa = PBXFileReference; includeInIndex = 1; lastKnownFileType = text.xcconfig; name = "Pods-Avinash.release.xcconfig"; path = "Target Support Files/Pods-Avinash/Pods-Avinash.release.xcconfig"; sourceTree = "<group>"; };
		E06EACD31ABC2171D053167B /* Pods_Avinash.framework */ = {isa = PBXFileReference; explicitFileType = wrapper.framework; includeInIndex = 0; path = Pods_Avinash.framework; sourceTree = BUILT_PRODUCTS_DIR; };
/* End PBXFileReference section */

/* Begin PBXFrameworksBuildPhase section */
		18A47BB822AF0E3F0045B3C8 /* Frameworks */ = {
			isa = PBXFrameworksBuildPhase;
			buildActionMask = 2147483647;
			files = (
				9EAC5E36737522E1E6E2E5F1 /* Pods_Avinash.framework in Frameworks */,
			);
			runOnlyForDeploymentPostprocessing = 0;
		};
/* End PBXFrameworksBuildPhase section */

/* Begin PBXGroup section */
		18A47BB222AF0E3F0045B3C8 = {
			isa = PBXGroup;
			children = (
				18A47BBD22AF0E3F0045B3C8 /* Avinash */,
				18A47BBC22AF0E3F0045B3C8 /* Products */,
				2F10A90AA7AB834DFE4749E4 /* Pods */,
				62239043AFE63148308FE000 /* Frameworks */,
			);
			sourceTree = "<group>";
		};
		18A47BBC22AF0E3F0045B3C8 /* Products */ = {
			isa = PBXGroup;
			children = (
				18A47BBB22AF0E3F0045B3C8 /* Avinash.app */,
			);
			name = Products;
			sourceTree = "<group>";
		};
		18A47BBD22AF0E3F0045B3C8 /* Avinash */ = {
			isa = PBXGroup;
			children = (
				18A47BBE22AF0E3F0045B3C8 /* AppDelegate.swift */,
				18A47BC022AF0E3F0045B3C8 /* ViewController.swift */,
				18A47BC222AF0E3F0045B3C8 /* Main.storyboard */,
				18A47BC522AF0E400045B3C8 /* Assets.xcassets */,
				18A47BC722AF0E400045B3C8 /* LaunchScreen.storyboard */,
				18A47BCA22AF0E400045B3C8 /* Info.plist */,
				18A47BD022AF161B0045B3C8 /* Kiran.swift */,
			);
			path = Avinash;
			sourceTree = "<group>";
		};
		2F10A90AA7AB834DFE4749E4 /* Pods */ = {
			isa = PBXGroup;
			children = (
				5DD898B7226D5ABF39C18C33 /* Pods-Avinash.debug.xcconfig */,
				96EA2E1CCFD076E50C22EA34 /* Pods-Avinash.release.xcconfig */,
			);
			name = Pods;
			path = Pods;
			sourceTree = "<group>";
		};
		62239043AFE63148308FE000 /* Frameworks */ = {
			isa = PBXGroup;
			children = (
				E06EACD31ABC2171D053167B /* Pods_Avinash.framework */,
			);
			name = Frameworks;
			sourceTree = "<group>";
		};
/* End PBXGroup section */

/* Begin PBXNativeTarget section */
		18A47BBA22AF0E3F0045B3C8 /* Avinash */ = {
			isa = PBXNativeTarget;
			buildConfigurationList = 18A47BCD22AF0E400045B3C8 /* Build configuration list for PBXNativeTarget "Avinash" */;
			buildPhases = (
				AD5C4B1EC691B0E23B7110CE /* [CP] Check Pods Manifest.lock */,
				18A47BB722AF0E3F0045B3C8 /* Sources */,
				18A47BB822AF0E3F0045B3C8 /* Frameworks */,
				18A47BB922AF0E3F0045B3C8 /* Resources */,
				097B164C2C2970AB4C44AE60 /* [CP] Embed Pods Frameworks */,
			);
			buildRules = (
			);
			dependencies = (
			);
			name = Avinash;
			productName = Avinash;
			productReference = 18A47BBB22AF0E3F0045B3C8 /* Avinash.app */;
			productType = "com.apple.product-type.application";
		};
/* End PBXNativeTarget section */

/* Begin PBXProject section */
		18A47BB322AF0E3F0045B3C8 /* Project object */ = {
			isa = PBXProject;
			attributes = {
				LastSwiftUpdateCheck = 1020;
				LastUpgradeCheck = 1020;
				ORGANIZATIONNAME = suryacompany;
				TargetAttributes = {
					18A47BBA22AF0E3F0045B3C8 = {
						CreatedOnToolsVersion = 10.2.1;
					};
				};
			};
			buildConfigurationList = 18A47BB622AF0E3F0045B3C8 /* Build configuration list for PBXProject "Avinash" */;
			compatibilityVersion = "Xcode 9.3";
			developmentRegion = en;
			hasScannedForEncodings = 0;
			knownRegions = (
				en,
				Base,
			);
			mainGroup = 18A47BB222AF0E3F0045B3C8;
			productRefGroup = 18A47BBC22AF0E3F0045B3C8 /* Products */;
			projectDirPath = "";
			projectRoot = "";
			targets = (
				18A47BBA22AF0E3F0045B3C8 /* Avinash */,
			);
		};
/* End PBXProject section */

/* Begin PBXResourcesBuildPhase section */
		18A47BB922AF0E3F0045B3C8 /* Resources */ = {
			isa = PBXResourcesBuildPhase;
			buildActionMask = 2147483647;
			files = (
				18A47BC922AF0E400045B3C8 /* LaunchScreen.storyboard in Resources */,
				18A47BC622AF0E400045B3C8 /* Assets.xcassets in Resources */,
				18A47BC422AF0E3F0045B3C8 /* Main.storyboard in Resources */,
			);
			runOnlyForDeploymentPostprocessing = 0;
		};
/* End PBXResourcesBuildPhase section */

/* Begin PBXShellScriptBuildPhase section */
		097B164C2C2970AB4C44AE60 /* [CP] Embed Pods Frameworks */ = {
			isa = PBXShellScriptBuildPhase;
			buildActionMask = 2147483647;
			files = (
			);
			inputFileListPaths = (
				"${PODS_ROOT}/Target Support Files/Pods-Avinash/Pods-Avinash-frameworks-${CONFIGURATION}-input-files.xcfilelist",
			);
			name = "[CP] Embed Pods Frameworks";
			outputFileListPaths = (
				"${PODS_ROOT}/Target Support Files/Pods-Avinash/Pods-Avinash-frameworks-${CONFIGURATION}-output-files.xcfilelist",
			);
			runOnlyForDeploymentPostprocessing = 0;
			shellPath = /bin/sh;
			shellScript = "\"${PODS_ROOT}/Target Support Files/Pods-Avinash/Pods-Avinash-frameworks.sh\"\n";
			showEnvVarsInLog = 0;
		};
		AD5C4B1EC691B0E23B7110CE /* [CP] Check Pods Manifest.lock */ = {
			isa = PBXShellScriptBuildPhase;
			buildActionMask = 2147483647;
			files = (
			);
			inputFileListPaths = (
			);
			inputPaths = (
				"${PODS_PODFILE_DIR_PATH}/Podfile.lock",
				"${PODS_ROOT}/Manifest.lock",
			);
			name = "[CP] Check Pods Manifest.lock";
			outputFileListPaths = (
			);
			outputPaths = (
				"$(DERIVED_FILE_DIR)/Pods-Avinash-checkManifestLockResult.txt",
			);
			runOnlyForDeploymentPostprocessing = 0;
			shellPath = /bin/sh;
			shellScript = "diff \"${PODS_PODFILE_DIR_PATH}/Podfile.lock\" \"${PODS_ROOT}/Manifest.lock\" > /dev/null\nif [ $? != 0 ] ; then\n    # print error to STDERR\n    echo \"error: The sandbox is not in sync with the Podfile.lock. Run 'pod install' or update your CocoaPods installation.\" >&2\n    exit 1\nfi\n# This output is used by Xcode 'outputs' to avoid re-running this script phase.\necho \"SUCCESS\" > \"${SCRIPT_OUTPUT_FILE_0}\"\n";
			showEnvVarsInLog = 0;
		};
/* End PBXShellScriptBuildPhase section */

/* Begin PBXSourcesBuildPhase section */
		18A47BB722AF0E3F0045B3C8 /* Sources */ = {
			isa = PBXSourcesBuildPhase;
			buildActionMask = 2147483647;
			files = (
				18A47BC122AF0E3F0045B3C8 /* ViewController.swift in Sources */,
				18A47BD122AF161B0045B3C8 /* Kiran.swift in Sources */,
				18A47BBF22AF0E3F0045B3C8 /* AppDelegate.swift in Sources */,
			);
			runOnlyForDeploymentPostprocessing = 0;
		};
/* End PBXSourcesBuildPhase section */

/* Begin PBXVariantGroup section */
		18A47BC222AF0E3F0045B3C8 /* Main.storyboard */ = {
			isa = PBXVariantGroup;
			children = (
				18A47BC322AF0E3F0045B3C8 /* Base */,
			);
			name = Main.storyboard;
			sourceTree = "<group>";
		};
		18A47BC722AF0E400045B3C8 /* LaunchScreen.storyboard */ = {
			isa = PBXVariantGroup;
			children = (
				18A47BC822AF0E400045B3C8 /* Base */,
			);
			name = LaunchScreen.storyboard;
			sourceTree = "<group>";
		};
/* End PBXVariantGroup section */

/* Begin XCBuildConfiguration section */
		18A47BCB22AF0E400045B3C8 /* Debug */ = {
			isa = XCBuildConfiguration;
			buildSettings = {
				ALWAYS_SEARCH_USER_PATHS = NO;
				CLANG_ANALYZER_NONNULL = YES;
				CLANG_ANALYZER_NUMBER_OBJECT_CONVERSION = YES_AGGRESSIVE;
				CLANG_CXX_LANGUAGE_STANDARD = "gnu++14";
				CLANG_CXX_LIBRARY = "libc++";
				CLANG_ENABLE_MODULES = YES;
				CLANG_ENABLE_OBJC_ARC = YES;
				CLANG_ENABLE_OBJC_WEAK = YES;
				CLANG_WARN_BLOCK_CAPTURE_AUTORELEASING = YES;
				CLANG_WARN_BOOL_CONVERSION = YES;
				CLANG_WARN_COMMA = YES;
				CLANG_WARN_CONSTANT_CONVERSION = YES;
				CLANG_WARN_DEPRECATED_OBJC_IMPLEMENTATIONS = YES;
				CLANG_WARN_DIRECT_OBJC_ISA_USAGE = YES_ERROR;
				CLANG_WARN_DOCUMENTATION_COMMENTS = YES;
				CLANG_WARN_EMPTY_BODY = YES;
				CLANG_WARN_ENUM_CONVERSION = YES;
				CLANG_WARN_INFINITE_RECURSION = YES;
				CLANG_WARN_INT_CONVERSION = YES;
				CLANG_WARN_NON_LITERAL_NULL_CONVERSION = YES;
				CLANG_WARN_OBJC_IMPLICIT_RETAIN_SELF = YES;
				CLANG_WARN_OBJC_LITERAL_CONVERSION = YES;
				CLANG_WARN_OBJC_ROOT_CLASS = YES_ERROR;
				CLANG_WARN_RANGE_LOOP_ANALYSIS = YES;
				CLANG_WARN_STRICT_PROTOTYPES = YES;
				CLANG_WARN_SUSPICIOUS_MOVE = YES;
				CLANG_WARN_UNGUARDED_AVAILABILITY = YES_AGGRESSIVE;
				CLANG_WARN_UNREACHABLE_CODE = YES;
				CLANG_WARN__DUPLICATE_METHOD_MATCH = YES;
				CODE_SIGN_IDENTITY = "iPhone Developer";
				COPY_PHASE_STRIP = NO;
				DEBUG_INFORMATION_FORMAT = dwarf;
				ENABLE_STRICT_OBJC_MSGSEND = YES;
				ENABLE_TESTABILITY = YES;
				GCC_C_LANGUAGE_STANDARD = gnu11;
				GCC_DYNAMIC_NO_PIC = NO;
				GCC_NO_COMMON_BLOCKS = YES;
				GCC_OPTIMIZATION_LEVEL = 0;
				GCC_PREPROCESSOR_DEFINITIONS = (
					"DEBUG=1",
					"$(inherited)",
				);
				GCC_WARN_64_TO_32_BIT_CONVERSION = YES;
				GCC_WARN_ABOUT_RETURN_TYPE = YES_ERROR;
				GCC_WARN_UNDECLARED_SELECTOR = YES;
				GCC_WARN_UNINITIALIZED_AUTOS = YES_AGGRESSIVE;
				GCC_WARN_UNUSED_FUNCTION = YES;
				GCC_WARN_UNUSED_VARIABLE = YES;
				IPHONEOS_DEPLOYMENT_TARGET = 12.2;
				MTL_ENABLE_DEBUG_INFO = INCLUDE_SOURCE;
				MTL_FAST_MATH = YES;
				ONLY_ACTIVE_ARCH = YES;
				SDKROOT = iphoneos;
				SWIFT_ACTIVE_COMPILATION_CONDITIONS = DEBUG;
				SWIFT_OPTIMIZATION_LEVEL = "-Onone";
			};
			name = Debug;
		};
		18A47BCC22AF0E400045B3C8 /* Release */ = {
			isa = XCBuildConfiguration;
			buildSettings = {
				ALWAYS_SEARCH_USER_PATHS = NO;
				CLANG_ANALYZER_NONNULL = YES;
				CLANG_ANALYZER_NUMBER_OBJECT_CONVERSION = YES_AGGRESSIVE;
				CLANG_CXX_LANGUAGE_STANDARD = "gnu++14";
				CLANG_CXX_LIBRARY = "libc++";
				CLANG_ENABLE_MODULES = YES;
				CLANG_ENABLE_OBJC_ARC = YES;
				CLANG_ENABLE_OBJC_WEAK = YES;
				CLANG_WARN_BLOCK_CAPTURE_AUTORELEASING = YES;
				CLANG_WARN_BOOL_CONVERSION = YES;
				CLANG_WARN_COMMA = YES;
				CLANG_WARN_CONSTANT_CONVERSION = YES;
				CLANG_WARN_DEPRECATED_OBJC_IMPLEMENTATIONS = YES;
				CLANG_WARN_DIRECT_OBJC_ISA_USAGE = YES_ERROR;
				CLANG_WARN_DOCUMENTATION_COMMENTS = YES;
				CLANG_WARN_EMPTY_BODY = YES;
				CLANG_WARN_ENUM_CONVERSION = YES;
				CLANG_WARN_INFINITE_RECURSION = YES;
				CLANG_WARN_INT_CONVERSION = YES;
				CLANG_WARN_NON_LITERAL_NULL_CONVERSION = YES;
				CLANG_WARN_OBJC_IMPLICIT_RETAIN_SELF = YES;
				CLANG_WARN_OBJC_LITERAL_CONVERSION = YES;
				CLANG_WARN_OBJC_ROOT_CLASS = YES_ERROR;
				CLANG_WARN_RANGE_LOOP_ANALYSIS = YES;
				CLANG_WARN_STRICT_PROTOTYPES = YES;
				CLANG_WARN_SUSPICIOUS_MOVE = YES;
				CLANG_WARN_UNGUARDED_AVAILABILITY = YES_AGGRESSIVE;
				CLANG_WARN_UNREACHABLE_CODE = YES;
				CLANG_WARN__DUPLICATE_METHOD_MATCH = YES;
				CODE_SIGN_IDENTITY = "iPhone Developer";
				COPY_PHASE_STRIP = NO;
				DEBUG_INFORMATION_FORMAT = "dwarf-with-dsym";
				ENABLE_NS_ASSERTIONS = NO;
				ENABLE_STRICT_OBJC_MSGSEND = YES;
				GCC_C_LANGUAGE_STANDARD = gnu11;
				GCC_NO_COMMON_BLOCKS = YES;
				GCC_WARN_64_TO_32_BIT_CONVERSION = YES;
				GCC_WARN_ABOUT_RETURN_TYPE = YES_ERROR;
				GCC_WARN_UNDECLARED_SELECTOR = YES;
				GCC_WARN_UNINITIALIZED_AUTOS = YES_AGGRESSIVE;
				GCC_WARN_UNUSED_FUNCTION = YES;
				GCC_WARN_UNUSED_VARIABLE = YES;
				IPHONEOS_DEPLOYMENT_TARGET = 12.2;
				MTL_ENABLE_DEBUG_INFO = NO;
				MTL_FAST_MATH = YES;
				SDKROOT = iphoneos;
				SWIFT_COMPILATION_MODE = wholemodule;
				SWIFT_OPTIMIZATION_LEVEL = "-O";
				VALIDATE_PRODUCT = YES;
			};
			name = Release;
		};
		18A47BCE22AF0E400045B3C8 /* Debug */ = {
			isa = XCBuildConfiguration;
			baseConfigurationReference = 5DD898B7226D5ABF39C18C33 /* Pods-Avinash.debug.xcconfig */;
			buildSettings = {
				ASSETCATALOG_COMPILER_APPICON_NAME = AppIcon;
				CODE_SIGN_STYLE = Automatic;
				DEVELOPMENT_TEAM = U4KJ9RR424;
				INFOPLIST_FILE = Avinash/Info.plist;
				LD_RUNPATH_SEARCH_PATHS = (
					"$(inherited)",
					"@executable_path/Frameworks",
				);
				PRODUCT_BUNDLE_IDENTIFIER = com.suryacompany.Avinash;
				PRODUCT_NAME = "$(TARGET_NAME)";
				SWIFT_VERSION = 5.0;
				TARGETED_DEVICE_FAMILY = "1,2";
			};
			name = Debug;
		};
		18A47BCF22AF0E400045B3C8 /* Release */ = {
			isa = XCBuildConfiguration;
			baseConfigurationReference = 96EA2E1CCFD076E50C22EA34 /* Pods-Avinash.release.xcconfig */;
			buildSettings = {
				ASSETCATALOG_COMPILER_APPICON_NAME = AppIcon;
				CODE_SIGN_STYLE = Automatic;
				DEVELOPMENT_TEAM = U4KJ9RR424;
				INFOPLIST_FILE = Avinash/Info.plist;
				LD_RUNPATH_SEARCH_PATHS = (
					"$(inherited)",
					"@executable_path/Frameworks",
				);
				PRODUCT_BUNDLE_IDENTIFIER = com.suryacompany.Avinash;
				PRODUCT_NAME = "$(TARGET_NAME)";
				SWIFT_VERSION = 5.0;
				TARGETED_DEVICE_FAMILY = "1,2";
			};
			name = Release;
		};
/* End XCBuildConfiguration section */

/* Begin XCConfigurationList section */
		18A47BB622AF0E3F0045B3C8 /* Build configuration list for PBXProject "Avinash" */ = {
			isa = XCConfigurationList;
			buildConfigurations = (
				18A47BCB22AF0E400045B3C8 /* Debug */,
				18A47BCC22AF0E400045B3C8 /* Release */,
			);
			defaultConfigurationIsVisible = 0;
			defaultConfigurationName = Release;
		};
		18A47BCD22AF0E400045B3C8 /* Build configuration list for PBXNativeTarget "Avinash" */ = {
			isa = XCConfigurationList;
			buildConfigurations = (
				18A47BCE22AF0E400045B3C8 /* Debug */,
				18A47BCF22AF0E400045B3C8 /* Release */,
			);
			defaultConfigurationIsVisible = 0;
			defaultConfigurationName = Release;
		};
/* End XCConfigurationList section */
	};
	rootObject = 18A47BB322AF0E3F0045B3C8 /* Project object */;
}
